
Microsoft Visual Studio Solution File, Format Version 12.00
# Visual Studio Version 17
VisualStudioVersion = 17.3.32811.315
MinimumVisualStudioVersion = 10.0.40219.1
Project("{FAE04EC0-301F-11D3-BF4B-00C04F79EFBC}") = "InterviewQuestions", "InterviewQuestions\InterviewQuestions.csproj", "{D6088F4C-A143-41B8-94E1-AD7FBD7377AA}"
EndProject
Global
	GlobalSection(SolutionConfigurationPlatforms) = preSolution
		Debug|Any CPU = Debug|Any CPU
		Release|Any CPU = Release|Any CPU
	EndGlobalSection
	GlobalSection(ProjectConfigurationPlatforms) = postSolution
		{D6088F4C-A143-41B8-94E1-AD7FBD7377AA}.Debug|Any CPU.ActiveCfg = Debug|Any CPU
		{D6088F4C-A143-41B8-94E1-AD7FBD7377AA}.Debug|Any CPU.Build.0 = Debug|Any CPU
		{D6088F4C-A143-41B8-94E1-AD7FBD7377AA}.Release|Any CPU.ActiveCfg = Release|Any CPU
		{D6088F4C-A143-41B8-94E1-AD7FBD7377AA}.Release|Any CPU.Build.0 = Release|Any CPU
	EndGlobalSection
	GlobalSection(SolutionProperties) = preSolution
		HideSolutionNode = FALSE
	EndGlobalSection
	GlobalSection(ExtensibilityGlobals) = postSolution
		SolutionGuid = {E49B948C-C417-4BBE-B297-D683DBEB67A1}
	EndGlobalSection
EndGlobal
